
Microsoft Visual Studio Solution File, Format Version 10.00
# Visual Studio 2008
Project("{8BC9CEB8-8B4A-11D0-8D11-00A0C91BC942}") = "Server", "Server.vcproj", "{BAFD2732-4AB9-4DF3-939B-1782ABD8C8AD}"
EndProject
Global
	GlobalSection(SolutionConfigurationPlatforms) = preSolution
		Debug|Win32 = Debug|Win32
		Release|Win32 = Release|Win32
	EndGlobalSection
	GlobalSection(ProjectConfigurationPlatforms) = postSolution
		{BAFD2732-4AB9-4DF3-939B-1782ABD8C8AD}.Debug|Win32.ActiveCfg = Debug|Win32
		{BAFD2732-4AB9-4DF3-939B-1782ABD8C8AD}.Debug|Win32.Build.0 = Debug|Win32
		{BAFD2732-4AB9-4DF3-939B-1782ABD8C8AD}.Release|Win32.ActiveCfg = Release|Win32
		{BAFD2732-4AB9-4DF3-939B-1782ABD8C8AD}.Release|Win32.Build.0 = Release|Win32
	EndGlobalSection
	GlobalSection(SolutionProperties) = preSolution
		HideSolutionNode = FALSE
	EndGlobalSection
EndGlobal
